<?xml version="1.0" encoding="utf-8"?>
<Project ToolsVersion="4.0" xmlns="http://schemas.microsoft.com/developer/msbuild/2003">
  <ItemGroup>
    <Filter Include="リソース ファイル">
      <UniqueIdentifier>{67DA6AB6-F800-4c08-8B7A-83BB121AAD01}</UniqueIdentifier>
      <Extensions>rc;ico;cur;bmp;dlg;rc2;rct;bin;rgs;gif;jpg;jpeg;jpe;resx;tiff;tif;png;wav;mfcribbon-ms</Extensions>
    </Filter>
    <Filter Include="Engine">
      <UniqueIdentifier>{64da1eb4-35aa-4e29-9a69-e2829f05c147}</UniqueIdentifier>
    </Filter>
    <Filter Include="Engine\Base">
      <UniqueIdentifier>{500a25b7-0eac-4a3e-ad00-adfa5222aa78}</UniqueIdentifier>
    </Filter>
    <Filter Include="Engine\2d">
      <UniqueIdentifier>{9478d852-42b9-4f0b-aa77-329b735be7b0}</UniqueIdentifier>
    </Filter>
    <Filter Include="Engine\3d">
      <UniqueIdentifier>{9a941f32-ebb8-4c4e-b76f-c453e67b5dbf}</UniqueIdentifier>
    </Filter>
    <Filter Include="Engine\Camera">
      <UniqueIdentifier>{b22288ff-ff60-47bb-9a09-0f5ef2c70bcb}</UniqueIdentifier>
    </Filter>
    <Filter Include="Engine\Math">
      <UniqueIdentifier>{e68d3b46-cfe3-4a5e-9ada-207757d606f4}</UniqueIdentifier>
    </Filter>
    <Filter Include="Engine\Input">
      <UniqueIdentifier>{ff95899c-91a7-4f40-a6e7-e37e1c16c2a8}</UniqueIdentifier>
    </Filter>
    <Filter Include="Engine\3d\Particle">
      <UniqueIdentifier>{05c165ac-f94c-4c9c-b345-1b385a153993}</UniqueIdentifier>
    </Filter>
    <Filter Include="Engine\Framework">
      <UniqueIdentifier>{92047098-2085-4f1b-9b8e-502b184d64c7}</UniqueIdentifier>
    </Filter>
    <Filter Include="Game">
      <UniqueIdentifier>{e92a25cf-b30e-4faf-bd81-9d0ed37e9e51}</UniqueIdentifier>
    </Filter>
    <Filter Include="Engine\BaseScene">
      <UniqueIdentifier>{a9e99e14-0ce7-4fbb-b7e8-6e7f72e0d4ad}</UniqueIdentifier>
    </Filter>
    <Filter Include="Game\Scene">
      <UniqueIdentifier>{eca7b166-bb3a-4d22-a963-df1bc14ddaf7}</UniqueIdentifier>
    </Filter>
    <Filter Include="Engine\Collision">
      <UniqueIdentifier>{a718f71a-1100-4bcb-9d06-9473b05ba18c}</UniqueIdentifier>
    </Filter>
    <Filter Include="Engine\DebugText">
      <UniqueIdentifier>{4716450b-8a68-4a09-b551-37c545463912}</UniqueIdentifier>
    </Filter>
    <Filter Include="Engine\Audio">
      <UniqueIdentifier>{951f94c5-20fb-491b-b20e-c5528d356ac4}</UniqueIdentifier>
    </Filter>
    <Filter Include="Game\Block">
      <UniqueIdentifier>{f999f1ee-b923-48ea-95a7-e0746a837c43}</UniqueIdentifier>
    </Filter>
    <Filter Include="Game\Player">
      <UniqueIdentifier>{9a685484-17cf-4365-993a-298ce5f54845}</UniqueIdentifier>
    </Filter>
    <Filter Include="Game\Stage">
      <UniqueIdentifier>{d75cdc5d-40bc-4a5a-9b77-b6af6022bf3a}</UniqueIdentifier>
    </Filter>
    <Filter Include="Game\SaunaStone">
      <UniqueIdentifier>{50420988-0adb-4fc3-926a-cf247daaed63}</UniqueIdentifier>
    </Filter>
    <Filter Include="Game\EnvironmentEffects">
      <UniqueIdentifier>{0527f0f3-001c-4e55-b6e5-aa6cfc2d3dfe}</UniqueIdentifier>
    </Filter>
    <Filter Include="Game\EnvironmentEffects\HeatHaze">
      <UniqueIdentifier>{75231248-6310-46d6-8cfb-776c0b69c520}</UniqueIdentifier>
    </Filter>
    <Filter Include="Game\EnvironmentEffects\CameraFrozen">
      <UniqueIdentifier>{e8aa39d9-f719-4b57-a93d-61324979a3b3}</UniqueIdentifier>
    </Filter>
    <Filter Include="Game\EnvironmentEffects\WaterDrop">
      <UniqueIdentifier>{3f17d62e-6ca2-4dfb-b40d-8a63d03c238f}</UniqueIdentifier>
    </Filter>
    <Filter Include="Engine\Loader">
      <UniqueIdentifier>{2045ef8e-5836-4da6-9a64-5d419d54ce82}</UniqueIdentifier>
    </Filter>
    <Filter Include="Game\Scroll">
      <UniqueIdentifier>{c7acd84c-c7b7-45cf-b9fa-b4fb8787da09}</UniqueIdentifier>
    </Filter>
    <Filter Include="Game\Scene\TransitionEffect">
      <UniqueIdentifier>{20ea340d-2493-4169-93a2-36702a4c701b}</UniqueIdentifier>
    </Filter>
    <Filter Include="Engine\Easing">
      <UniqueIdentifier>{d8d4555b-daa0-42be-904b-3232d5c1cc29}</UniqueIdentifier>
    </Filter>
    <Filter Include="Game\Enemy">
      <UniqueIdentifier>{4fdfdebd-ae0d-4473-8df4-adc213d31b30}</UniqueIdentifier>
    </Filter>
    <Filter Include="Game\Score">
      <UniqueIdentifier>{973a30e3-0065-4167-865e-ac4b5722ccb1}</UniqueIdentifier>
    </Filter>
    <Filter Include="Game\System">
      <UniqueIdentifier>{60fc29bd-16de-4211-b9a8-159bb3e0bf78}</UniqueIdentifier>
    </Filter>
  </ItemGroup>
  <ItemGroup>
    <ClCompile Include="main.cpp" />
    <ClCompile Include="Engine\Base\DirectXCommon.cpp">
      <Filter>Engine\Base</Filter>
    </ClCompile>
    <ClCompile Include="Engine\Base\WinApp.cpp">
      <Filter>Engine\Base</Filter>
    </ClCompile>
    <ClCompile Include="Engine\3d\ModelManager.cpp">
      <Filter>Engine\3d</Filter>
    </ClCompile>
    <ClCompile Include="Engine\3d\Object3d.cpp">
      <Filter>Engine\3d</Filter>
    </ClCompile>
    <ClCompile Include="Engine\2d\Sprite.cpp">
      <Filter>Engine\2d</Filter>
    </ClCompile>
    <ClCompile Include="Engine\Input\Input.cpp">
      <Filter>Engine\Input</Filter>
    </ClCompile>
    <ClCompile Include="Engine\DebugText\ImGuiManager.cpp">
      <Filter>Engine\DebugText</Filter>
    </ClCompile>
    <ClCompile Include="Engine\3d\Particle\Particle.cpp">
      <Filter>Engine\3d\Particle</Filter>
    </ClCompile>
    <ClCompile Include="Engine\Base\TextureManager.cpp">
      <Filter>Engine\Base</Filter>
    </ClCompile>
    <ClCompile Include="Engine\Framework\Framework.cpp">
      <Filter>Engine\Framework</Filter>
    </ClCompile>
    <ClCompile Include="Game\MyGame.cpp">
      <Filter>Game</Filter>
    </ClCompile>
    <ClCompile Include="Game\Scene\GameScene.cpp">
      <Filter>Game\Scene</Filter>
    </ClCompile>
    <ClCompile Include="Game\Scene\SceneFactory.cpp">
      <Filter>Game\Scene</Filter>
    </ClCompile>
    <ClCompile Include="Engine\BaseScene\SceneManager.cpp">
      <Filter>Engine\BaseScene</Filter>
    </ClCompile>
    <ClCompile Include="Engine\Collision\Hit.cpp">
      <Filter>Engine\Collision</Filter>
    </ClCompile>
    <ClCompile Include="Engine\Camera\Camera.cpp">
      <Filter>Engine\Camera</Filter>
    </ClCompile>
    <ClCompile Include="Engine\3d\DirectionalLight.cpp">
      <Filter>Engine\3d</Filter>
    </ClCompile>
    <ClCompile Include="Engine\DebugText\GlobalVariables.cpp">
      <Filter>Engine\DebugText</Filter>
    </ClCompile>
    <ClCompile Include="Engine\Audio\Audio.cpp">
      <Filter>Engine\Audio</Filter>
    </ClCompile>
    <ClCompile Include="Engine\3d\WorldTransform.cpp">
      <Filter>Engine\3d</Filter>
    </ClCompile>
    <ClCompile Include="Engine\3d\PointLight.cpp">
      <Filter>Engine\3d</Filter>
    </ClCompile>
    <ClCompile Include="Engine\3d\SpotLight.cpp">
      <Filter>Engine\3d</Filter>
    </ClCompile>
    <ClCompile Include="Engine\2d\PostEffect.cpp">
      <Filter>Engine\2d</Filter>
    </ClCompile>
    <ClCompile Include="Game\Scene\DeafultScene.cpp">
      <Filter>Game\Scene</Filter>
    </ClCompile>
    <ClCompile Include="Game\Scene\TitleScene.cpp">
      <Filter>Game\Scene</Filter>
    </ClCompile>
    <ClCompile Include="Game\Scene\StageSelectScene.cpp">
      <Filter>Game\Scene</Filter>
    </ClCompile>
    <ClCompile Include="Game\Block\Block.cpp">
      <Filter>Game\Block</Filter>
    </ClCompile>
    <ClCompile Include="Game\Block\BlockTextureManager.cpp">
      <Filter>Game\Block</Filter>
    </ClCompile>
    <ClCompile Include="Game\Stage\Stage.cpp">
      <Filter>Game\Stage</Filter>
    </ClCompile>
    <ClCompile Include="Game\Player\Player.cpp">
      <Filter>Game\Player</Filter>
    </ClCompile>
    <ClCompile Include="Game\SaunaStone\SaunaStone.cpp">
      <Filter>Game\SaunaStone</Filter>
    </ClCompile>
    <ClCompile Include="Engine\2d\DualSceneDrawer.cpp" />
    <ClCompile Include="Game\WeightCircle\WeightCircle.cpp" />
    <ClCompile Include="Game\EnvironmentEffects\HeatHaze\HeatHazeManager.cpp">
      <Filter>Game\EnvironmentEffects\HeatHaze</Filter>
    </ClCompile>
    <ClCompile Include="Game\EnvironmentEffects\HeatHaze\HeatHaze.cpp">
      <Filter>Game\EnvironmentEffects\HeatHaze</Filter>
    </ClCompile>
    <ClCompile Include="Game\EnvironmentEffects\CameraFrozen\CameraFrozenManager.cpp">
      <Filter>Game\EnvironmentEffects\CameraFrozen</Filter>
    </ClCompile>
    <ClCompile Include="Game\EnvironmentEffects\CameraFrozen\CameraFrozen.cpp">
      <Filter>Game\EnvironmentEffects\CameraFrozen</Filter>
    </ClCompile>
    <ClCompile Include="Game\EnvironmentEffects\EnvironmentEffectsManager.cpp">
      <Filter>Game\EnvironmentEffects</Filter>
    </ClCompile>
    <ClCompile Include="Game\EnvironmentEffects\WaterDrop\WaterDropSourceTexture.cpp">
      <Filter>Game\EnvironmentEffects\WaterDrop</Filter>
    </ClCompile>
    <ClCompile Include="Game\EnvironmentEffects\WaterDrop\WaterDropSceneDrawer.cpp">
      <Filter>Game\EnvironmentEffects\WaterDrop</Filter>
    </ClCompile>
    <ClCompile Include="Game\EnvironmentEffects\WaterDrop\WaterDropPipeline.cpp">
      <Filter>Game\EnvironmentEffects\WaterDrop</Filter>
    </ClCompile>
    <ClCompile Include="Game\EnvironmentEffects\WaterDrop\WaterDrop.cpp">
      <Filter>Game\EnvironmentEffects\WaterDrop</Filter>
    </ClCompile>
    <ClCompile Include="Game\EnvironmentEffects\WaterDrop\WaterDropManager.cpp">
      <Filter>Game\EnvironmentEffects\WaterDrop</Filter>
    </ClCompile>
    <ClCompile Include="Engine\2d\Object2d.cpp">
      <Filter>Engine\2d</Filter>
    </ClCompile>
    <ClCompile Include="Engine\Loader\LevelLoader.cpp">
      <Filter>Engine\Loader</Filter>
    </ClCompile>
    <ClCompile Include="Game\Scroll\Scroll.cpp">
      <Filter>Game\Scroll</Filter>
    </ClCompile>
    <ClCompile Include="Game\Player\PlayerParameter.cpp">
      <Filter>Game\Player</Filter>
    </ClCompile>
    <ClCompile Include="Game\Scene\TransitionEffect\TransitionEffect.cpp">
      <Filter>Game\Scene\TransitionEffect</Filter>
    </ClCompile>
    <ClCompile Include="Engine\Easing\Easing.cpp">
      <Filter>Engine\Easing</Filter>
    </ClCompile>
    <ClCompile Include="Game\Enemy\Enemy.cpp">
      <Filter>Game\Enemy</Filter>
    </ClCompile>
    <ClCompile Include="Engine\2d\Object2dInstancing.cpp" />
    <ClCompile Include="Engine\Audio\AudioManager.cpp">
      <Filter>Engine\Audio</Filter>
    </ClCompile>
    <ClCompile Include="Game\Score\ScoreManager.cpp">
      <Filter>Game\Score</Filter>
    </ClCompile>
    <ClCompile Include="Game\EnvironmentEffects\Snow\SnowManager.cpp" />
    <ClCompile Include="Game\EnvironmentEffects\Snow\SnowEffectDrawer.cpp" />
    <ClCompile Include="Game\EnvironmentEffects\Snow\SnowObstacle.cpp" />
    <ClCompile Include="Game\EnvironmentEffects\MagmaDistortion.cpp" />
    <ClCompile Include="Game\System\UpgradeSystem.cpp">
      <Filter>Game\System</Filter>
    </ClCompile>
    <ClCompile Include="Game\Block\BlockBreakParticle.cpp" />
  </ItemGroup>
  <ItemGroup>
    <ClInclude Include="Engine\Base\DirectXCommon.h">
      <Filter>Engine\Base</Filter>
    </ClInclude>
    <ClInclude Include="Engine\Base\WinApp.h">
      <Filter>Engine\Base</Filter>
    </ClInclude>
    <ClInclude Include="Engine\3d\ModelManager.h">
      <Filter>Engine\3d</Filter>
    </ClInclude>
    <ClInclude Include="Engine\2d\Sprite.h">
      <Filter>Engine\2d</Filter>
    </ClInclude>
    <ClInclude Include="Engine\3d\WorldTransform.h">
      <Filter>Engine\3d</Filter>
    </ClInclude>
    <ClInclude Include="Engine\Math\Vec2.h">
      <Filter>Engine\Math</Filter>
    </ClInclude>
    <ClInclude Include="Engine\Math\Vec3.h">
      <Filter>Engine\Math</Filter>
    </ClInclude>
    <ClInclude Include="Engine\Math\Vec4.h">
      <Filter>Engine\Math</Filter>
    </ClInclude>
    <ClInclude Include="Engine\Math\Matrix44.h">
      <Filter>Engine\Math</Filter>
    </ClInclude>
    <ClInclude Include="Engine\Input\Input.h">
      <Filter>Engine\Input</Filter>
    </ClInclude>
    <ClInclude Include="Engine\DebugText\ImGuiManager.h">
      <Filter>Engine\DebugText</Filter>
    </ClInclude>
    <ClInclude Include="Engine\DebugText\Log.h">
      <Filter>Engine\DebugText</Filter>
    </ClInclude>
    <ClInclude Include="Engine\3d\Particle\Particle.h">
      <Filter>Engine\3d\Particle</Filter>
    </ClInclude>
    <ClInclude Include="Engine\Base\TextureManager.h">
      <Filter>Engine\Base</Filter>
    </ClInclude>
    <ClInclude Include="Engine\Math\Quaternion.h">
      <Filter>Engine\Math</Filter>
    </ClInclude>
    <ClInclude Include="Engine\Framework\Framework.h">
      <Filter>Engine\Framework</Filter>
    </ClInclude>
    <ClInclude Include="Game\MyGame.h">
      <Filter>Game</Filter>
    </ClInclude>
    <ClInclude Include="Game\Scene\GameScene.h">
      <Filter>Game\Scene</Filter>
    </ClInclude>
    <ClInclude Include="Game\Scene\SceneFactory.h">
      <Filter>Game\Scene</Filter>
    </ClInclude>
    <ClInclude Include="Engine\BaseScene\AbstractSceneFactory.h">
      <Filter>Engine\BaseScene</Filter>
    </ClInclude>
    <ClInclude Include="Engine\BaseScene\IScene.h">
      <Filter>Engine\BaseScene</Filter>
    </ClInclude>
    <ClInclude Include="Engine\BaseScene\SceneManager.h">
      <Filter>Engine\BaseScene</Filter>
    </ClInclude>
    <ClInclude Include="Engine\Collision\Hit.h">
      <Filter>Engine\Collision</Filter>
    </ClInclude>
    <ClInclude Include="Engine\Camera\Camera.h">
      <Filter>Engine\Camera</Filter>
    </ClInclude>
    <ClInclude Include="Engine\3d\Object3d.h">
      <Filter>Engine\3d</Filter>
    </ClInclude>
    <ClInclude Include="Engine\3d\DirectionalLight.h">
      <Filter>Engine\3d</Filter>
    </ClInclude>
    <ClInclude Include="Engine\DebugText\GlobalVariables.h">
      <Filter>Engine\DebugText</Filter>
    </ClInclude>
    <ClInclude Include="Engine\Audio\Audio.h">
      <Filter>Engine\Audio</Filter>
    </ClInclude>
    <ClInclude Include="Engine\3d\PointLight.h">
      <Filter>Engine\3d</Filter>
    </ClInclude>
    <ClInclude Include="Engine\3d\SpotLight.h">
      <Filter>Engine\3d</Filter>
    </ClInclude>
    <ClInclude Include="Engine\2d\PostEffect.h">
      <Filter>Engine\2d</Filter>
    </ClInclude>
    <ClInclude Include="Engine\2d\Object2d.h">
      <Filter>Engine\2d</Filter>
    </ClInclude>
    <ClInclude Include="Game\Scene\DefaultScene.h">
      <Filter>Game\Scene</Filter>
    </ClInclude>
    <ClInclude Include="Game\Scene\TitleScene.h">
      <Filter>Game\Scene</Filter>
    </ClInclude>
    <ClInclude Include="Game\Scene\StageSelectScene.h">
      <Filter>Game\Scene</Filter>
    </ClInclude>
    <ClInclude Include="Game\Block\Block.h">
      <Filter>Game\Block</Filter>
    </ClInclude>
    <ClInclude Include="Game\Block\BlockTextureManager.h">
      <Filter>Game\Block</Filter>
    </ClInclude>
    <ClInclude Include="Game\Stage\Stage.h">
      <Filter>Game\Stage</Filter>
    </ClInclude>
    <ClInclude Include="Game\Player\Player.h">
      <Filter>Game\Player</Filter>
    </ClInclude>
    <ClInclude Include="Game\SaunaStone\SaunaStone.h">
      <Filter>Game\SaunaStone</Filter>
    </ClInclude>
    <ClInclude Include="Engine\2d\DualSceneDrawer.h" />
    <ClInclude Include="Game\WeightCircle\WeightCircle.h" />
    <ClInclude Include="Game\EnvironmentEffects\HeatHaze\HeatHazeManager.h">
      <Filter>Game\EnvironmentEffects\HeatHaze</Filter>
    </ClInclude>
    <ClInclude Include="Game\EnvironmentEffects\HeatHaze\HeatHaze.h">
      <Filter>Game\EnvironmentEffects\HeatHaze</Filter>
    </ClInclude>
    <ClInclude Include="Game\EnvironmentEffects\CameraFrozen\CameraFrozenManager.h">
      <Filter>Game\EnvironmentEffects\CameraFrozen</Filter>
    </ClInclude>
    <ClInclude Include="Game\EnvironmentEffects\CameraFrozen\CameraFrozen.h">
      <Filter>Game\EnvironmentEffects\CameraFrozen</Filter>
    </ClInclude>
    <ClInclude Include="Game\EnvironmentEffects\EnvironmentEffectsManager.h">
      <Filter>Game\EnvironmentEffects</Filter>
    </ClInclude>
    <ClInclude Include="Game\EnvironmentEffects\WaterDrop\WaterDropSourceTexture.h">
      <Filter>Game\EnvironmentEffects\WaterDrop</Filter>
    </ClInclude>
    <ClInclude Include="Game\EnvironmentEffects\WaterDrop\WaterDropSceneDrawer.h">
      <Filter>Game\EnvironmentEffects\WaterDrop</Filter>
    </ClInclude>
    <ClInclude Include="Game\EnvironmentEffects\WaterDrop\WaterDropPipeline.h">
      <Filter>Game\EnvironmentEffects\WaterDrop</Filter>
    </ClInclude>
    <ClInclude Include="Game\EnvironmentEffects\WaterDrop\WaterDrop.h">
      <Filter>Game\EnvironmentEffects\WaterDrop</Filter>
    </ClInclude>
    <ClInclude Include="Game\EnvironmentEffects\WaterDrop\WaterDropManager.h">
      <Filter>Game\EnvironmentEffects\WaterDrop</Filter>
    </ClInclude>
    <ClInclude Include="Game\RandomEngine\RandomEngine.h" />
    <ClInclude Include="Engine\Loader\LevelLoader.h">
      <Filter>Engine\Loader</Filter>
    </ClInclude>
    <ClInclude Include="Game\Scroll\Scroll.h">
      <Filter>Game\Scroll</Filter>
    </ClInclude>
    <ClInclude Include="Game\Player\PlayerParameter.h">
      <Filter>Game\Player</Filter>
    </ClInclude>
    <ClInclude Include="Game\Scene\TransitionEffect\TransitionEffect.h">
      <Filter>Game\Scene\TransitionEffect</Filter>
    </ClInclude>
    <ClInclude Include="Engine\Easing\Easing.h">
      <Filter>Engine\Easing</Filter>
    </ClInclude>
    <ClInclude Include="Game\Enemy\Enemy.h">
      <Filter>Game\Enemy</Filter>
    </ClInclude>
    <ClInclude Include="Engine\2d\Object2dInstancing.h" />
    <ClInclude Include="Engine\Audio\AudioManager.h">
      <Filter>Engine\Audio</Filter>
    </ClInclude>
    <ClInclude Include="resource.h" />
    <ClInclude Include="Game\Score\ScoreManager.h">
      <Filter>Game\Score</Filter>
    </ClInclude>
    <ClInclude Include="Game\EnvironmentEffects\MagmaDistortion.h" />
    <ClInclude Include="Game\System\UpgradeSystem.h">
      <Filter>Game\System</Filter>
    </ClInclude>
    <ClInclude Include="Game\Text\TextManager.h" />
    <ClInclude Include="Game\Block\BlockBreakParticle.h" />
  </ItemGroup>
  <ItemGroup>
    <ResourceCompile Include="DirectXGame.rc">
      <Filter>リソース ファイル</Filter>
    </ResourceCompile>
    <ClInclude Include="Game\EnvironmentEffects\Snow\SnowManager.h" />
    <ClInclude Include="Game\EnvironmentEffects\Snow\SnowEffectDrawer.h" />
    <ClInclude Include="Game\EnvironmentEffects\Snow\SnowObstacle.h" />
  </ItemGroup>
</Project>